
Microsoft Visual Studio Solution File, Format Version 12.00
# Visual Studio Version 17
VisualStudioVersion = 17.5.33627.172
MinimumVisualStudioVersion = 10.0.40219.1
Project("{9A19103F-16F7-4668-BE54-9A1E7A4F7556}") = "RazorPage_Assignment", "RazorPage_Assignment\RazorPage_Assignment.csproj", "{4C49347E-1D10-4801-A48B-483E6724D165}"
EndProject
Project("{9A19103F-16F7-4668-BE54-9A1E7A4F7556}") = "BO", "BO\BO.csproj", "{6C8DDA60-B7FB-4C24-A780-5DC170713407}"
EndProject
Project("{9A19103F-16F7-4668-BE54-9A1E7A4F7556}") = "DAO", "DAO\DAO.csproj", "{A33C2D00-491D-427C-A49A-EBF7EDB21040}"
EndProject
Project("{9A19103F-16F7-4668-BE54-9A1E7A4F7556}") = "Repository", "Repository\Repository.csproj", "{6C4AB5D0-BCE8-4232-9DD0-53054167475F}"
EndProject
Project("{9A19103F-16F7-4668-BE54-9A1E7A4F7556}") = "Service", "Service\Service.csproj", "{3E74B698-B16B-487C-9B3A-432BC25177B9}"
EndProject
Global
	GlobalSection(SolutionConfigurationPlatforms) = preSolution
		Debug|Any CPU = Debug|Any CPU
		Release|Any CPU = Release|Any CPU
	EndGlobalSection
	GlobalSection(ProjectConfigurationPlatforms) = postSolution
		{4C49347E-1D10-4801-A48B-483E6724D165}.Debug|Any CPU.ActiveCfg = Debug|Any CPU
		{4C49347E-1D10-4801-A48B-483E6724D165}.Debug|Any CPU.Build.0 = Debug|Any CPU
		{4C49347E-1D10-4801-A48B-483E6724D165}.Release|Any CPU.ActiveCfg = Release|Any CPU
		{4C49347E-1D10-4801-A48B-483E6724D165}.Release|Any CPU.Build.0 = Release|Any CPU
		{6C8DDA60-B7FB-4C24-A780-5DC170713407}.Debug|Any CPU.ActiveCfg = Debug|Any CPU
		{6C8DDA60-B7FB-4C24-A780-5DC170713407}.Debug|Any CPU.Build.0 = Debug|Any CPU
		{6C8DDA60-B7FB-4C24-A780-5DC170713407}.Release|Any CPU.ActiveCfg = Release|Any CPU
		{6C8DDA60-B7FB-4C24-A780-5DC170713407}.Release|Any CPU.Build.0 = Release|Any CPU
		{A33C2D00-491D-427C-A49A-EBF7EDB21040}.Debug|Any CPU.ActiveCfg = Debug|Any CPU
		{A33C2D00-491D-427C-A49A-EBF7EDB21040}.Debug|Any CPU.Build.0 = Debug|Any CPU
		{A33C2D00-491D-427C-A49A-EBF7EDB21040}.Release|Any CPU.ActiveCfg = Release|Any CPU
		{A33C2D00-491D-427C-A49A-EBF7EDB21040}.Release|Any CPU.Build.0 = Release|Any CPU
		{6C4AB5D0-BCE8-4232-9DD0-53054167475F}.Debug|Any CPU.ActiveCfg = Debug|Any CPU
		{6C4AB5D0-BCE8-4232-9DD0-53054167475F}.Debug|Any CPU.Build.0 = Debug|Any CPU
		{6C4AB5D0-BCE8-4232-9DD0-53054167475F}.Release|Any CPU.ActiveCfg = Release|Any CPU
		{6C4AB5D0-BCE8-4232-9DD0-53054167475F}.Release|Any CPU.Build.0 = Release|Any CPU
		{3E74B698-B16B-487C-9B3A-432BC25177B9}.Debug|Any CPU.ActiveCfg = Debug|Any CPU
		{3E74B698-B16B-487C-9B3A-432BC25177B9}.Debug|Any CPU.Build.0 = Debug|Any CPU
		{3E74B698-B16B-487C-9B3A-432BC25177B9}.Release|Any CPU.ActiveCfg = Release|Any CPU
		{3E74B698-B16B-487C-9B3A-432BC25177B9}.Release|Any CPU.Build.0 = Release|Any CPU
	EndGlobalSection
	GlobalSection(SolutionProperties) = preSolution
		HideSolutionNode = FALSE
	EndGlobalSection
	GlobalSection(ExtensibilityGlobals) = postSolution
		SolutionGuid = {BE9E6187-6FB9-40EC-AEA0-6C5392E26BFF}
	EndGlobalSection
EndGlobal
